# This file is generated by running "yarn install" inside your project.
# Manual changes might be lost - proceed with caution!

__metadata:
  version: 10
  cacheKey: 10

"@calmdown/rolldown-workspace@workspace:packages/rolldown-workspace":
  version: 0.0.0-use.local
  resolution: "@calmdown/rolldown-workspace@workspace:packages/rolldown-workspace"
  dependencies:
    "@types/node": "npm:26.1.1"
    rolldown: "npm:1.1.5"
    rolldown-plugin-dts: "npm:0.27.4"
    typescript: "npm:6.0.3"
  peerDependencies:
    rolldown: ">=1.1.5"
  languageName: unknown
  linkType: soft

"@calmdown/rollup-plugin-copy@workspace:packages/rollup-plugin-copy":
  version: 0.0.0-use.local
  resolution: "@calmdown/rollup-plugin-copy@workspace:packages/rollup-plugin-copy"
  languageName: unknown
  linkType: soft

"@calmdown/rollup-plugin-delete@workspace:packages/rollup-plugin-delete":
  version: 0.0.0-use.local
  resolution: "@calmdown/rollup-plugin-delete@workspace:packages/rollup-plugin-delete"
  languageName: unknown
  linkType: soft

"@calmdown/rollup-plugin-lightningcss@workspace:packages/rollup-plugin-lightningcss":
  version: 0.0.0-use.local
  resolution: "@calmdown/rollup-plugin-lightningcss@workspace:packages/rollup-plugin-lightningcss"
  dependencies:
    lightningcss: "npm:1.32.0"
  peerDependencies:
    lightningcss: ">=1.32.0"
  languageName: unknown
  linkType: soft

"@calmdown/rollup-plugin-text-loader@workspace:packages/rollup-plugin-text-loader":
  version: 0.0.0-use.local
  resolution: "@calmdown/rollup-plugin-text-loader@workspace:packages/rollup-plugin-text-loader"
  languageName: unknown
  linkType: soft

"@calmdown/rollup-workspace-monorepo@workspace:.":
  version: 0.0.0-use.local
  resolution: "@calmdown/rollup-workspace-monorepo@workspace:."
  dependencies:
    typescript: "npm:6.0.3"
  languageName: unknown
  linkType: soft

"@emnapi/core@npm:1.11.1":
  version: 1.11.1
  resolution: "@emnapi/core@npm:1.11.1"
  dependencies:
    "@emnapi/wasi-threads": "npm:1.2.2"
    tslib: "npm:^2.4.0"
  checksum: 10/9aba37e0c11a75ef8372fd0a9c6e5396f4e8c1ebdd6fee737414787610a9dc1cd9bf188f525153561ca9363896e1135dd240f1ce28f3470dba3ad7e683e6db1a
  languageName: node
  linkType: hard

"@emnapi/runtime@npm:1.11.1":
  version: 1.11.1
  resolution: "@emnapi/runtime@npm:1.11.1"
  dependencies:
    tslib: "npm:^2.4.0"
  checksum: 10/8f7c622a49314df4d07952110e108e83b0fe129a8ddb9ef1e0ae372d754616169d5b0dd47a0d354a0fea2612abe42cedb582d15916936d1320c6c468acc804cc
  languageName: node
  linkType: hard

"@emnapi/wasi-threads@npm:1.2.2":
  version: 1.2.2
  resolution: "@emnapi/wasi-threads@npm:1.2.2"
  dependencies:
    tslib: "npm:^2.4.0"
  checksum: 10/297fb6b1d89744bd0b41d5fec32bade05dc8dcf1f70eba86527226609fb3f6ad3fa96b3b2377b7449709715b3bd1569654c9def1dbbc85fb6b9cb0cff5bc5ebf
  languageName: node
  linkType: hard

"@napi-rs/wasm-runtime@npm:^1.1.6":
  version: 1.1.6
  resolution: "@napi-rs/wasm-runtime@npm:1.1.6"
  dependencies:
    "@tybys/wasm-util": "npm:^0.10.3"
  peerDependencies:
    "@emnapi/core": ^1.7.1
    "@emnapi/runtime": ^1.7.1
  checksum: 10/3e43425df17547d9d58ab69cce8e6cef38a062eccec4d2def5fc9e10e81cd19ae228b3ab9be4b149b57078d33913687511312d2414089877759b7db1f43625ba
  languageName: node
  linkType: hard

"@oxc-project/types@npm:=0.139.0":
  version: 0.139.0
  resolution: "@oxc-project/types@npm:0.139.0"
  checksum: 10/7f5e958bf700c1777737f0b27fe2a207fd9ff6494e2ec7529d20d7b1d2c668f7687182d490e72d59a58dd9c176f7cacc3938e824b3e664e4d6e5ce4e0ff44872
  languageName: node
  linkType: hard

"@rolldown/binding-android-arm64@npm:1.1.5":
  version: 1.1.5
  resolution: "@rolldown/binding-android-arm64@npm:1.1.5"
  conditions: os=android & cpu=arm64
  languageName: node
  linkType: hard

"@rolldown/binding-darwin-arm64@npm:1.1.5":
  version: 1.1.5
  resolution: "@rolldown/binding-darwin-arm64@npm:1.1.5"
  conditions: os=darwin & cpu=arm64
  languageName: node
  linkType: hard

"@rolldown/binding-darwin-x64@npm:1.1.5":
  version: 1.1.5
  resolution: "@rolldown/binding-darwin-x64@npm:1.1.5"
  conditions: os=darwin & cpu=x64
  languageName: node
  linkType: hard

"@rolldown/binding-freebsd-x64@npm:1.1.5":
  version: 1.1.5
  resolution: "@rolldown/binding-freebsd-x64@npm:1.1.5"
  conditions: os=freebsd & cpu=x64
  languageName: node
  linkType: hard

"@rolldown/binding-linux-arm-gnueabihf@npm:1.1.5":
  version: 1.1.5
  resolution: "@rolldown/binding-linux-arm-gnueabihf@npm:1.1.5"
  conditions: os=linux & cpu=arm
  languageName: node
  linkType: hard

"@rolldown/binding-linux-arm64-gnu@npm:1.1.5":
  version: 1.1.5
  resolution: "@rolldown/binding-linux-arm64-gnu@npm:1.1.5"
  conditions: os=linux & cpu=arm64 & libc=glibc
  languageName: node
  linkType: hard

"@rolldown/binding-linux-arm64-musl@npm:1.1.5":
  version: 1.1.5
  resolution: "@rolldown/binding-linux-arm64-musl@npm:1.1.5"
  conditions: os=linux & cpu=arm64 & libc=musl
  languageName: node
  linkType: hard

"@rolldown/binding-linux-ppc64-gnu@npm:1.1.5":
  version: 1.1.5
  resolution: "@rolldown/binding-linux-ppc64-gnu@npm:1.1.5"
  conditions: os=linux & cpu=ppc64 & libc=glibc
  languageName: node
  linkType: hard

"@rolldown/binding-linux-s390x-gnu@npm:1.1.5":
  version: 1.1.5
  resolution: "@rolldown/binding-linux-s390x-gnu@npm:1.1.5"
  conditions: os=linux & cpu=s390x & libc=glibc
  languageName: node
  linkType: hard

"@rolldown/binding-linux-x64-gnu@npm:1.1.5":
  version: 1.1.5
  resolution: "@rolldown/binding-linux-x64-gnu@npm:1.1.5"
  conditions: os=linux & cpu=x64 & libc=glibc
  languageName: node
  linkType: hard

"@rolldown/binding-linux-x64-musl@npm:1.1.5":
  version: 1.1.5
  resolution: "@rolldown/binding-linux-x64-musl@npm:1.1.5"
  conditions: os=linux & cpu=x64 & libc=musl
  languageName: node
  linkType: hard

"@rolldown/binding-openharmony-arm64@npm:1.1.5":
  version: 1.1.5
  resolution: "@rolldown/binding-openharmony-arm64@npm:1.1.5"
  conditions: os=openharmony & cpu=arm64
  languageName: node
  linkType: hard

"@rolldown/binding-wasm32-wasi@npm:1.1.5":
  version: 1.1.5
  resolution: "@rolldown/binding-wasm32-wasi@npm:1.1.5"
  dependencies:
    "@emnapi/core": "npm:1.11.1"
    "@emnapi/runtime": "npm:1.11.1"
    "@napi-rs/wasm-runtime": "npm:^1.1.6"
  conditions: cpu=wasm32
  languageName: node
  linkType: hard

"@rolldown/binding-win32-arm64-msvc@npm:1.1.5":
  version: 1.1.5
  resolution: "@rolldown/binding-win32-arm64-msvc@npm:1.1.5"
  conditions: os=win32 & cpu=arm64
  languageName: node
  linkType: hard

"@rolldown/binding-win32-x64-msvc@npm:1.1.5":
  version: 1.1.5
  resolution: "@rolldown/binding-win32-x64-msvc@npm:1.1.5"
  conditions: os=win32 & cpu=x64
  languageName: node
  linkType: hard

"@rolldown/pluginutils@npm:^1.0.0":
  version: 1.0.1
  resolution: "@rolldown/pluginutils@npm:1.0.1"
  checksum: 10/4e95cf9ce23d75e5aa03ea0249cd86f7d1e21f83fbf6f8520e4edd8a251ba1b82c4ba9bc13cd24b6c4661daec6225b06e6d35c64c604e731b230b2a49af47d05
  languageName: node
  linkType: hard

"@tybys/wasm-util@npm:^0.10.3":
  version: 0.10.3
  resolution: "@tybys/wasm-util@npm:0.10.3"
  dependencies:
    tslib: "npm:^2.4.0"
  checksum: 10/6cf39f7a2926b1c8bc6fe3f9f03318a33dd6dae81bdbd059983f9c6ee22d10a827f12564d648c05a2d4926e03c86cbe2799fb20609ee65e9efc39603039b4765
  languageName: node
  linkType: hard

"@types/node@npm:26.1.1":
  version: 26.1.1
  resolution: "@types/node@npm:26.1.1"
  dependencies:
    undici-types: "npm:~8.3.0"
  checksum: 10/df6555a94c6b4cf74e6238373e2881e72dc91058cf2ba173be77ea3974aaa8f459c2f10fbb7eb644fb1e5189dd8407097f5d39506fad39c89bde18acb3b90316
  languageName: node
  linkType: hard

"@yuku-codegen/binding-darwin-arm64@npm:0.5.46":
  version: 0.5.46
  resolution: "@yuku-codegen/binding-darwin-arm64@npm:0.5.46"
  conditions: os=darwin & cpu=arm64
  languageName: node
  linkType: hard

"@yuku-codegen/binding-darwin-x64@npm:0.5.46":
  version: 0.5.46
  resolution: "@yuku-codegen/binding-darwin-x64@npm:0.5.46"
  conditions: os=darwin & cpu=x64
  languageName: node
  linkType: hard

"@yuku-codegen/binding-freebsd-x64@npm:0.5.46":
  version: 0.5.46
  resolution: "@yuku-codegen/binding-freebsd-x64@npm:0.5.46"
  conditions: os=freebsd & cpu=x64
  languageName: node
  linkType: hard

"@yuku-codegen/binding-linux-arm-gnu@npm:0.5.46":
  version: 0.5.46
  resolution: "@yuku-codegen/binding-linux-arm-gnu@npm:0.5.46"
  conditions: os=linux & cpu=arm & libc=glibc
  languageName: node
  linkType: hard

"@yuku-codegen/binding-linux-arm-musl@npm:0.5.46":
  version: 0.5.46
  resolution: "@yuku-codegen/binding-linux-arm-musl@npm:0.5.46"
  conditions: os=linux & cpu=arm & libc=musl
  languageName: node
  linkType: hard

"@yuku-codegen/binding-linux-arm64-gnu@npm:0.5.46":
  version: 0.5.46
  resolution: "@yuku-codegen/binding-linux-arm64-gnu@npm:0.5.46"
  conditions: os=linux & cpu=arm64 & libc=glibc
  languageName: node
  linkType: hard

"@yuku-codegen/binding-linux-arm64-musl@npm:0.5.46":
  version: 0.5.46
  resolution: "@yuku-codegen/binding-linux-arm64-musl@npm:0.5.46"
  conditions: os=linux & cpu=arm64 & libc=musl
  languageName: node
  linkType: hard

"@yuku-codegen/binding-linux-x64-gnu@npm:0.5.46":
  version: 0.5.46
  resolution: "@yuku-codegen/binding-linux-x64-gnu@npm:0.5.46"
  conditions: os=linux & cpu=x64 & libc=glibc
  languageName: node
  linkType: hard

"@yuku-codegen/binding-linux-x64-musl@npm:0.5.46":
  version: 0.5.46
  resolution: "@yuku-codegen/binding-linux-x64-musl@npm:0.5.46"
  conditions: os=linux & cpu=x64 & libc=musl
  languageName: node
  linkType: hard

"@yuku-codegen/binding-win32-arm64@npm:0.5.46":
  version: 0.5.46
  resolution: "@yuku-codegen/binding-win32-arm64@npm:0.5.46"
  conditions: os=win32 & cpu=arm64
  languageName: node
  linkType: hard

"@yuku-codegen/binding-win32-x64@npm:0.5.46":
  version: 0.5.46
  resolution: "@yuku-codegen/binding-win32-x64@npm:0.5.46"
  conditions: os=win32 & cpu=x64
  languageName: node
  linkType: hard

"@yuku-parser/binding-darwin-arm64@npm:0.5.46":
  version: 0.5.46
  resolution: "@yuku-parser/binding-darwin-arm64@npm:0.5.46"
  conditions: os=darwin & cpu=arm64
  languageName: node
  linkType: hard

"@yuku-parser/binding-darwin-x64@npm:0.5.46":
  version: 0.5.46
  resolution: "@yuku-parser/binding-darwin-x64@npm:0.5.46"
  conditions: os=darwin & cpu=x64
  languageName: node
  linkType: hard

"@yuku-parser/binding-freebsd-x64@npm:0.5.46":
  version: 0.5.46
  resolution: "@yuku-parser/binding-freebsd-x64@npm:0.5.46"
  conditions: os=freebsd & cpu=x64
  languageName: node
  linkType: hard

"@yuku-parser/binding-linux-arm-gnu@npm:0.5.46":
  version: 0.5.46
  resolution: "@yuku-parser/binding-linux-arm-gnu@npm:0.5.46"
  conditions: os=linux & cpu=arm & libc=glibc
  languageName: node
  linkType: hard

"@yuku-parser/binding-linux-arm-musl@npm:0.5.46":
  version: 0.5.46
  resolution: "@yuku-parser/binding-linux-arm-musl@npm:0.5.46"
  conditions: os=linux & cpu=arm & libc=musl
  languageName: node
  linkType: hard

"@yuku-parser/binding-linux-arm64-gnu@npm:0.5.46":
  version: 0.5.46
  resolution: "@yuku-parser/binding-linux-arm64-gnu@npm:0.5.46"
  conditions: os=linux & cpu=arm64 & libc=glibc
  languageName: node
  linkType: hard

"@yuku-parser/binding-linux-arm64-musl@npm:0.5.46":
  version: 0.5.46
  resolution: "@yuku-parser/binding-linux-arm64-musl@npm:0.5.46"
  conditions: os=linux & cpu=arm64 & libc=musl
  languageName: node
  linkType: hard

"@yuku-parser/binding-linux-x64-gnu@npm:0.5.46":
  version: 0.5.46
  resolution: "@yuku-parser/binding-linux-x64-gnu@npm:0.5.46"
  conditions: os=linux & cpu=x64 & libc=glibc
  languageName: node
  linkType: hard

"@yuku-parser/binding-linux-x64-musl@npm:0.5.46":
  version: 0.5.46
  resolution: "@yuku-parser/binding-linux-x64-musl@npm:0.5.46"
  conditions: os=linux & cpu=x64 & libc=musl
  languageName: node
  linkType: hard

"@yuku-parser/binding-win32-arm64@npm:0.5.46":
  version: 0.5.46
  resolution: "@yuku-parser/binding-win32-arm64@npm:0.5.46"
  conditions: os=win32 & cpu=arm64
  languageName: node
  linkType: hard

"@yuku-parser/binding-win32-x64@npm:0.5.46":
  version: 0.5.46
  resolution: "@yuku-parser/binding-win32-x64@npm:0.5.46"
  conditions: os=win32 & cpu=x64
  languageName: node
  linkType: hard

"@yuku-toolchain/types@npm:0.5.43":
  version: 0.5.43
  resolution: "@yuku-toolchain/types@npm:0.5.43"
  checksum: 10/ee3d3ac6622aba378c69c7a3e1164adbdd11b977dcb32d410e0e565733bdc1ff4c066d44f7b9d9442713ecc778bc53a191ddea518eb63d1635c034334f43517d
  languageName: node
  linkType: hard

"detect-libc@npm:^2.0.3":
  version: 2.1.2
  resolution: "detect-libc@npm:2.1.2"
  checksum: 10/b736c8d97d5d46164c0d1bed53eb4e6a3b1d8530d460211e2d52f1c552875e706c58a5376854e4e54f8b828c9cada58c855288c968522eb93ac7696d65970766
  languageName: node
  linkType: hard

"dts-resolver@npm:^3.0.0":
  version: 3.0.0
  resolution: "dts-resolver@npm:3.0.0"
  peerDependencies:
    oxc-resolver: ">=11.0.0"
  peerDependenciesMeta:
    oxc-resolver:
      optional: true
  checksum: 10/3778a2b6e4d35dc88776be1dde0e3cc26114fac4a42c344bb8b66829bf5de286b0c3f56a1da510162a7217579482066d7996eb3d38f12f91206edd1a8baced5f
  languageName: node
  linkType: hard

"get-tsconfig@npm:5.0.0-beta.5":
  version: 5.0.0-beta.5
  resolution: "get-tsconfig@npm:5.0.0-beta.5"
  dependencies:
    resolve-pkg-maps: "npm:^1.0.0"
  checksum: 10/4946c4820cb2dc8c98073b341331b411db126c89b793d9bfe79c0d88843866e6fa7ebe9db43b51e9664d24e4cf10674e4137ad00881b10d4106c896d25c0e4fb
  languageName: node
  linkType: hard

"lightningcss-android-arm64@npm:1.32.0":
  version: 1.32.0
  resolution: "lightningcss-android-arm64@npm:1.32.0"
  conditions: os=android & cpu=arm64
  languageName: node
  linkType: hard

"lightningcss-darwin-arm64@npm:1.32.0":
  version: 1.32.0
  resolution: "lightningcss-darwin-arm64@npm:1.32.0"
  conditions: os=darwin & cpu=arm64
  languageName: node
  linkType: hard

"lightningcss-darwin-x64@npm:1.32.0":
  version: 1.32.0
  resolution: "lightningcss-darwin-x64@npm:1.32.0"
  conditions: os=darwin & cpu=x64
  languageName: node
  linkType: hard

"lightningcss-freebsd-x64@npm:1.32.0":
  version: 1.32.0
  resolution: "lightningcss-freebsd-x64@npm:1.32.0"
  conditions: os=freebsd & cpu=x64
  languageName: node
  linkType: hard

"lightningcss-linux-arm-gnueabihf@npm:1.32.0":
  version: 1.32.0
  resolution: "lightningcss-linux-arm-gnueabihf@npm:1.32.0"
  conditions: os=linux & cpu=arm
  languageName: node
  linkType: hard

"lightningcss-linux-arm64-gnu@npm:1.32.0":
  version: 1.32.0
  resolution: "lightningcss-linux-arm64-gnu@npm:1.32.0"
  conditions: os=linux & cpu=arm64 & libc=glibc
  languageName: node
  linkType: hard

"lightningcss-linux-arm64-musl@npm:1.32.0":
  version: 1.32.0
  resolution: "lightningcss-linux-arm64-musl@npm:1.32.0"
  conditions: os=linux & cpu=arm64 & libc=musl
  languageName: node
  linkType: hard

"lightningcss-linux-x64-gnu@npm:1.32.0":
  version: 1.32.0
  resolution: "lightningcss-linux-x64-gnu@npm:1.32.0"
  conditions: os=linux & cpu=x64 & libc=glibc
  languageName: node
  linkType: hard

"lightningcss-linux-x64-musl@npm:1.32.0":
  version: 1.32.0
  resolution: "lightningcss-linux-x64-musl@npm:1.32.0"
  conditions: os=linux & cpu=x64 & libc=musl
  languageName: node
  linkType: hard

"lightningcss-win32-arm64-msvc@npm:1.32.0":
  version: 1.32.0
  resolution: "lightningcss-win32-arm64-msvc@npm:1.32.0"
  conditions: os=win32 & cpu=arm64
  languageName: node
  linkType: hard

"lightningcss-win32-x64-msvc@npm:1.32.0":
  version: 1.32.0
  resolution: "lightningcss-win32-x64-msvc@npm:1.32.0"
  conditions: os=win32 & cpu=x64
  languageName: node
  linkType: hard

"lightningcss@npm:1.32.0":
  version: 1.32.0
  resolution: "lightningcss@npm:1.32.0"
  dependencies:
    detect-libc: "npm:^2.0.3"
    lightningcss-android-arm64: "npm:1.32.0"
    lightningcss-darwin-arm64: "npm:1.32.0"
    lightningcss-darwin-x64: "npm:1.32.0"
    lightningcss-freebsd-x64: "npm:1.32.0"
    lightningcss-linux-arm-gnueabihf: "npm:1.32.0"
    lightningcss-linux-arm64-gnu: "npm:1.32.0"
    lightningcss-linux-arm64-musl: "npm:1.32.0"
    lightningcss-linux-x64-gnu: "npm:1.32.0"
    lightningcss-linux-x64-musl: "npm:1.32.0"
    lightningcss-win32-arm64-msvc: "npm:1.32.0"
    lightningcss-win32-x64-msvc: "npm:1.32.0"
  dependenciesMeta:
    lightningcss-android-arm64:
      optional: true
    lightningcss-darwin-arm64:
      optional: true
    lightningcss-darwin-x64:
      optional: true
    lightningcss-freebsd-x64:
      optional: true
    lightningcss-linux-arm-gnueabihf:
      optional: true
    lightningcss-linux-arm64-gnu:
      optional: true
    lightningcss-linux-arm64-musl:
      optional: true
    lightningcss-linux-x64-gnu:
      optional: true
    lightningcss-linux-x64-musl:
      optional: true
    lightningcss-win32-arm64-msvc:
      optional: true
    lightningcss-win32-x64-msvc:
      optional: true
  checksum: 10/098e61007f0d0ec8b5c50884e33b543b551d1ff21bc7b062434b6638fd0b8596858f823b60dfc2a4aa756f3cb120ad79f2b7f4a55b1bda2c0269ab8cf476f114
  languageName: node
  linkType: hard

"obug@npm:^2.1.3":
  version: 2.1.3
  resolution: "obug@npm:2.1.3"
  checksum: 10/574e5c3d3def75440c54c29ce8a6d82a5698116962d2f9f28fb13f6fd5dbcc01b7df1b8e02a95f816c8dba482dcf315d9c5c97d9e718516cfea8bd6c896dcf67
  languageName: node
  linkType: hard

"resolve-pkg-maps@npm:^1.0.0":
  version: 1.0.0
  resolution: "resolve-pkg-maps@npm:1.0.0"
  checksum: 10/0763150adf303040c304009231314d1e84c6e5ebfa2d82b7d94e96a6e82bacd1dcc0b58ae257315f3c8adb89a91d8d0f12928241cba2df1680fbe6f60bf99b0e
  languageName: node
  linkType: hard

"rolldown-plugin-dts@npm:0.27.4":
  version: 0.27.4
  resolution: "rolldown-plugin-dts@npm:0.27.4"
  dependencies:
    dts-resolver: "npm:^3.0.0"
    get-tsconfig: "npm:5.0.0-beta.5"
    obug: "npm:^2.1.3"
    yuku-ast: "npm:^0.1.7"
    yuku-codegen: "npm:^0.5.44"
    yuku-parser: "npm:^0.5.44"
  peerDependencies:
    "@ts-macro/tsc": ^0.3.6
    "@typescript/native-preview": ">=7.0.0-dev.20260325.1"
    rolldown: ^1.0.0
    typescript: ^5.0.0 || ^6.0.0 || ^7.0.0
    vue-tsc: ~3.2.0 || ~3.3.0
  peerDependenciesMeta:
    "@ts-macro/tsc":
      optional: true
    "@typescript/native-preview":
      optional: true
    typescript:
      optional: true
    vue-tsc:
      optional: true
  checksum: 10/711c21ee48ff757642c028e0889c52b6236b2e56e9fa4f17641db9a02edbfa0dcbb000da8facbdc602b98b40948f92bef92d130f882594b41e5bd08a8b86bd5c
  languageName: node
  linkType: hard

"rolldown@npm:1.1.5":
  version: 1.1.5
  resolution: "rolldown@npm:1.1.5"
  dependencies:
    "@oxc-project/types": "npm:=0.139.0"
    "@rolldown/binding-android-arm64": "npm:1.1.5"
    "@rolldown/binding-darwin-arm64": "npm:1.1.5"
    "@rolldown/binding-darwin-x64": "npm:1.1.5"
    "@rolldown/binding-freebsd-x64": "npm:1.1.5"
    "@rolldown/binding-linux-arm-gnueabihf": "npm:1.1.5"
    "@rolldown/binding-linux-arm64-gnu": "npm:1.1.5"
    "@rolldown/binding-linux-arm64-musl": "npm:1.1.5"
    "@rolldown/binding-linux-ppc64-gnu": "npm:1.1.5"
    "@rolldown/binding-linux-s390x-gnu": "npm:1.1.5"
    "@rolldown/binding-linux-x64-gnu": "npm:1.1.5"
    "@rolldown/binding-linux-x64-musl": "npm:1.1.5"
    "@rolldown/binding-openharmony-arm64": "npm:1.1.5"
    "@rolldown/binding-wasm32-wasi": "npm:1.1.5"
    "@rolldown/binding-win32-arm64-msvc": "npm:1.1.5"
    "@rolldown/binding-win32-x64-msvc": "npm:1.1.5"
    "@rolldown/pluginutils": "npm:^1.0.0"
  dependenciesMeta:
    "@rolldown/binding-android-arm64":
      optional: true
    "@rolldown/binding-darwin-arm64":
      optional: true
    "@rolldown/binding-darwin-x64":
      optional: true
    "@rolldown/binding-freebsd-x64":
      optional: true
    "@rolldown/binding-linux-arm-gnueabihf":
      optional: true
    "@rolldown/binding-linux-arm64-gnu":
      optional: true
    "@rolldown/binding-linux-arm64-musl":
      optional: true
    "@rolldown/binding-linux-ppc64-gnu":
      optional: true
    "@rolldown/binding-linux-s390x-gnu":
      optional: true
    "@rolldown/binding-linux-x64-gnu":
      optional: true
    "@rolldown/binding-linux-x64-musl":
      optional: true
    "@rolldown/binding-openharmony-arm64":
      optional: true
    "@rolldown/binding-wasm32-wasi":
      optional: true
    "@rolldown/binding-win32-arm64-msvc":
      optional: true
    "@rolldown/binding-win32-x64-msvc":
      optional: true
  bin:
    rolldown: ./bin/cli.mjs
  checksum: 10/a2c90a68751591fe6e05952d3dc5c92e8cef18511568af43912fc95ebd2c1a1ee9650df9c998a6a66a2f5aa5e02853b66bbc255ab38ef62f86fa8af925a669f9
  languageName: node
  linkType: hard

"tslib@npm:^2.4.0":
  version: 2.8.1
  resolution: "tslib@npm:2.8.1"
  checksum: 10/3e2e043d5c2316461cb54e5c7fe02c30ef6dccb3384717ca22ae5c6b5bc95232a6241df19c622d9c73b809bea33b187f6dbc73030963e29950c2141bc32a79f7
  languageName: node
  linkType: hard

"typescript@npm:6.0.3":
  version: 6.0.3
  resolution: "typescript@npm:6.0.3"
  bin:
    tsc: bin/tsc
    tsserver: bin/tsserver
  checksum: 10/0ef2357a4cffd916b52b683a021cdab0f81eea4e9aa35f2d254581c9a5106da02224e3392e1b0ed42b7a48f80c966e5f52b8e1a27941fa0523c1705a9c2e0330
  languageName: node
  linkType: hard

"typescript@patch:typescript@npm%3A6.0.3#optional!builtin<compat/typescript>":
  version: 6.0.3
  resolution: "typescript@patch:typescript@npm%3A6.0.3#optional!builtin<compat/typescript>::version=6.0.3&hash=5786d5"
  bin:
    tsc: bin/tsc
    tsserver: bin/tsserver
  checksum: 10/22b67a18dafedf9b1468b64ca20d9aa02ea61d449b65413d8aa6552aeb63f52ef369e86beb25b6b4c91a803d9726ee5c196f391a9b64201263263410a4223ee6
  languageName: node
  linkType: hard

"undici-types@npm:~8.3.0":
  version: 8.3.0
  resolution: "undici-types@npm:8.3.0"
  checksum: 10/6681d2837ac75a75ac1cc46090aa2b8ddc7c6b8ecc295a6cdb06838752a730da3d8afeecf05e5ab7903160eafad3a8b6ffa1927e5ded260590f4d4fef18646d5
  languageName: node
  linkType: hard

"yuku-ast@npm:^0.1.7":
  version: 0.1.7
  resolution: "yuku-ast@npm:0.1.7"
  dependencies:
    "@yuku-toolchain/types": "npm:0.5.43"
  checksum: 10/216f9fbb4e75762146ecb6d3a74fe7bb8157fba01bf0bcd31c4c49ea1e72582aae9d6e44d87cec84bbec6b11116698d78d446b0106ad07d9a19299d3b3214cce
  languageName: node
  linkType: hard

"yuku-codegen@npm:^0.5.44":
  version: 0.5.46
  resolution: "yuku-codegen@npm:0.5.46"
  dependencies:
    "@yuku-codegen/binding-darwin-arm64": "npm:0.5.46"
    "@yuku-codegen/binding-darwin-x64": "npm:0.5.46"
    "@yuku-codegen/binding-freebsd-x64": "npm:0.5.46"
    "@yuku-codegen/binding-linux-arm-gnu": "npm:0.5.46"
    "@yuku-codegen/binding-linux-arm-musl": "npm:0.5.46"
    "@yuku-codegen/binding-linux-arm64-gnu": "npm:0.5.46"
    "@yuku-codegen/binding-linux-arm64-musl": "npm:0.5.46"
    "@yuku-codegen/binding-linux-x64-gnu": "npm:0.5.46"
    "@yuku-codegen/binding-linux-x64-musl": "npm:0.5.46"
    "@yuku-codegen/binding-win32-arm64": "npm:0.5.46"
    "@yuku-codegen/binding-win32-x64": "npm:0.5.46"
    "@yuku-toolchain/types": "npm:0.5.43"
  dependenciesMeta:
    "@yuku-codegen/binding-darwin-arm64":
      optional: true
    "@yuku-codegen/binding-darwin-x64":
      optional: true
    "@yuku-codegen/binding-freebsd-x64":
      optional: true
    "@yuku-codegen/binding-linux-arm-gnu":
      optional: true
    "@yuku-codegen/binding-linux-arm-musl":
      optional: true
    "@yuku-codegen/binding-linux-arm64-gnu":
      optional: true
    "@yuku-codegen/binding-linux-arm64-musl":
      optional: true
    "@yuku-codegen/binding-linux-x64-gnu":
      optional: true
    "@yuku-codegen/binding-linux-x64-musl":
      optional: true
    "@yuku-codegen/binding-win32-arm64":
      optional: true
    "@yuku-codegen/binding-win32-x64":
      optional: true
  checksum: 10/b13e605eb00ed6af2d28fb23a3197d6ea93370c9277ca0ab2712aecda46cff4bf076ead09a204870e14c68fbc44bfd23ee14e6c24ed263585bb82148982460c8
  languageName: node
  linkType: hard

"yuku-parser@npm:^0.5.44":
  version: 0.5.46
  resolution: "yuku-parser@npm:0.5.46"
  dependencies:
    "@yuku-parser/binding-darwin-arm64": "npm:0.5.46"
    "@yuku-parser/binding-darwin-x64": "npm:0.5.46"
    "@yuku-parser/binding-freebsd-x64": "npm:0.5.46"
    "@yuku-parser/binding-linux-arm-gnu": "npm:0.5.46"
    "@yuku-parser/binding-linux-arm-musl": "npm:0.5.46"
    "@yuku-parser/binding-linux-arm64-gnu": "npm:0.5.46"
    "@yuku-parser/binding-linux-arm64-musl": "npm:0.5.46"
    "@yuku-parser/binding-linux-x64-gnu": "npm:0.5.46"
    "@yuku-parser/binding-linux-x64-musl": "npm:0.5.46"
    "@yuku-parser/binding-win32-arm64": "npm:0.5.46"
    "@yuku-parser/binding-win32-x64": "npm:0.5.46"
    "@yuku-toolchain/types": "npm:0.5.43"
  dependenciesMeta:
    "@yuku-parser/binding-darwin-arm64":
      optional: true
    "@yuku-parser/binding-darwin-x64":
      optional: true
    "@yuku-parser/binding-freebsd-x64":
      optional: true
    "@yuku-parser/binding-linux-arm-gnu":
      optional: true
    "@yuku-parser/binding-linux-arm-musl":
      optional: true
    "@yuku-parser/binding-linux-arm64-gnu":
      optional: true
    "@yuku-parser/binding-linux-arm64-musl":
      optional: true
    "@yuku-parser/binding-linux-x64-gnu":
      optional: true
    "@yuku-parser/binding-linux-x64-musl":
      optional: true
    "@yuku-parser/binding-win32-arm64":
      optional: true
    "@yuku-parser/binding-win32-x64":
      optional: true
  checksum: 10/348cf5b03acfcf89826d29200b0f80b390564c20af4df9267d0b991d7c4b1696534dadfd866db5fb608fa81a844574ba0c2913bac1f9b2561dad04a48660e38c
  languageName: node
  linkType: hard
